
Microsoft Visual Studio Solution File, Format Version 12.00
# Visual Studio for Mac
Project("{FAE04EC0-301F-11D3-BF4B-00C04F79EFBC}") = "Augmented-Reality-and-photo-frame-filter-application-", "Assembly-CSharp.csproj", "{A382B220-B501-DB97-C3ED-474622DFCF56}"
EndProject
Project("{FAE04EC0-301F-11D3-BF4B-00C04F79EFBC}") = "Augmented-Reality-and-photo-frame-filter-application-", "Assembly-CSharp-Editor.csproj", "{0945A558-0D1E-56A8-32D9-17A31292A6E5}"
EndProject
Global
	GlobalSection(SolutionConfigurationPlatforms) = preSolution
		Debug|Any CPU = Debug|Any CPU
		Release|Any CPU = Release|Any CPU
	EndGlobalSection
	GlobalSection(ProjectConfigurationPlatforms) = postSolution
		{A382B220-B501-DB97-C3ED-474622DFCF56}.Debug|Any CPU.ActiveCfg = Debug|Any CPU
		{A382B220-B501-DB97-C3ED-474622DFCF56}.Debug|Any CPU.Build.0 = Debug|Any CPU
		{A382B220-B501-DB97-C3ED-474622DFCF56}.Release|Any CPU.ActiveCfg = Release|Any CPU
		{A382B220-B501-DB97-C3ED-474622DFCF56}.Release|Any CPU.Build.0 = Release|Any CPU
		{0945A558-0D1E-56A8-32D9-17A31292A6E5}.Debug|Any CPU.ActiveCfg = Debug|Any CPU
		{0945A558-0D1E-56A8-32D9-17A31292A6E5}.Debug|Any CPU.Build.0 = Debug|Any CPU
		{0945A558-0D1E-56A8-32D9-17A31292A6E5}.Release|Any CPU.ActiveCfg = Release|Any CPU
		{0945A558-0D1E-56A8-32D9-17A31292A6E5}.Release|Any CPU.Build.0 = Release|Any CPU
	EndGlobalSection
	GlobalSection(SolutionProperties) = preSolution
		HideSolutionNode = FALSE
	EndGlobalSection
EndGlobal
